github.com/markgoho/uni-theme v0.1.0 h1:n0043Q6rsILNp2eLhTnrXWD206EksWvyCcjdh95di2M=
github.com/markgoho/uni-theme v0.1.0/go.mod h1:psd0u9+1dlujyiZ+He8gk8wkYMWni9ZFwgbDQb4fp/A=
github.com/markgoho/uni-theme v0.1.1-0.20260818032136-03403e81287a h1:9+A3V19pLsHc++Qs4euyp/emd289o+KK95lpvNhoxcU=
github.com/markgoho/uni-theme v0.1.1-0.20260818032136-03403e81287a/go.mod h1:psd0u9+1dlujyiZ+He8gk8wkYMWni9ZFwgbDQb4fp/A=
github.com/markgoho/uni-theme v0.1.1-0.20260818034440-2015c373c2db h1:R7UCsPwjmtr5FW4pDjqSWSzqRIBzhSbK0wL1fA2abpM=
github.com/markgoho/uni-theme v0.1.1-0.20260818034440-2015c373c2db/go.mod h1:psd0u9+1dlujyiZ+He8gk8wkYMWni9ZFwgbDQb4fp/A=
github.com/markgoho/uni-theme v0.1.1-0.20260818125531-55f195e2c594 h1:vkNyGS5FhyUS63qajtTCLA0uPhaa3WUsIgCHlFN4eQc=
github.com/markgoho/uni-theme v0.1.1-0.20260818125531-55f195e2c594/go.mod h1:psd0u9+1dlujyiZ+He8gk8wkYMWni9ZFwgbDQb4fp/A=
github.com/markgoho/uni-theme v0.1.1-0.20260818230855-996acf339e97 h1:cllfMmmg1ZmpLIAvvcPA0xSCRullMuwhjR7Cn+c/uUc=
github.com/markgoho/uni-theme v0.1.1-0.20260818230855-996acf339e97/go.mod h1:psd0u9+1dlujyiZ+He8gk8wkYMWni9ZFwgbDQb4fp/A=
github.com/markgoho/uni-theme v0.1.1-0.20260821020320-ed4645a142f8 h1:5ojlKVn9EKzrtazpi0yAxUOQhNmrl7vL8EjUXPlxAh8=
github.com/markgoho/uni-theme v0.1.1-0.20260821020320-ed4645a142f8/go.mod h1:psd0u9+1dlujyiZ+He8gk8wkYMWni9ZFwgbDQb4fp/A=
github.com/markgoho/uni-theme v0.1.1-0.20260821020956-eeb88a0f3a90 h1:qHOyEla91OhFcqXrZa//iUAuoJsk5GYa5wK4zRiHAVc=
github.com/markgoho/uni-theme v0.1.1-0.20260821020956-eeb88a0f3a90/go.mod h1:psd0u9+1dlujyiZ+He8gk8wkYMWni9ZFwgbDQb4fp/A=
github.com/markgoho/uni-theme v0.1.1-0.20260821033201-e36a165527d7 h1:OboSf9Ki5AWbWkaJ34TBtAEBnmAC83oR3Fq7wUaoZaw=
github.com/markgoho/uni-theme v0.1.1-0.20260821033201-e36a165527d7/go.mod h1:psd0u9+1dlujyiZ+He8gk8wkYMWni9ZFwgbDQb4fp/A=
github.com/markgoho/uni-theme v0.1.1-0.20260821182257-f005e7a52e56 h1:bz1DT2SmyyMQcOe+NUAuzJpqSiRKS57pGgM76e1LNWE=
github.com/markgoho/uni-theme v0.1.1-0.20260821182257-f005e7a52e56/go.mod h1:psd0u9+1dlujyiZ+He8gk8wkYMWni9ZFwgbDQb4fp/A=
