github.com/markgoho/uni-theme v0.1.0 h1:n0043Q6rsILNp2eLhTnrXWD206EksWvyCcjdh95di2M=
github.com/markgoho/uni-theme v0.1.0/go.mod h1:psd0u9+1dlujyiZ+He8gk8wkYMWni9ZFwgbDQb4fp/A=
github.com/markgoho/uni-theme v0.1.1-0.20260818032136-03403e81287a h1:9+A3V19pLsHc++Qs4euyp/emd289o+KK95lpvNhoxcU=
github.com/markgoho/uni-theme v0.1.1-0.20260818032136-03403e81287a/go.mod h1:psd0u9+1dlujyiZ+He8gk8wkYMWni9ZFwgbDQb4fp/A=
github.com/markgoho/uni-theme v0.1.1-0.20260818034440-2015c373c2db h1:R7UCsPwjmtr5FW4pDjqSWSzqRIBzhSbK0wL1fA2abpM=
github.com/markgoho/uni-theme v0.1.1-0.20260818034440-2015c373c2db/go.mod h1:psd0u9+1dlujyiZ+He8gk8wkYMWni9ZFwgbDQb4fp/A=
github.com/markgoho/uni-theme v0.1.1-0.20260818125531-55f195e2c594 h1:vkNyGS5FhyUS63qajtTCLA0uPhaa3WUsIgCHlFN4eQc=
github.com/markgoho/uni-theme v0.1.1-0.20260818125531-55f195e2c594/go.mod h1:psd0u9+1dlujyiZ+He8gk8wkYMWni9ZFwgbDQb4fp/A=
github.com/markgoho/uni-theme v0.1.1-0.20260818225825-3f3a351d4079 h1:REoT7uKa7cAVW6jx/ozhmDGugX5W1rA3RkdAkDNVbMg=
github.com/markgoho/uni-theme v0.1.1-0.20260818225825-3f3a351d4079/go.mod h1:psd0u9+1dlujyiZ+He8gk8wkYMWni9ZFwgbDQb4fp/A=
