github.com/markgoho/uni-theme v0.1.0 h1:n0043Q6rsILNp2eLhTnrXWD206EksWvyCcjdh95di2M=
github.com/markgoho/uni-theme v0.1.0/go.mod h1:psd0u9+1dlujyiZ+He8gk8wkYMWni9ZFwgbDQb4fp/A=
github.com/markgoho/uni-theme v0.1.1-0.20260818032136-03403e81287a h1:9+A3V19pLsHc++Qs4euyp/emd289o+KK95lpvNhoxcU=
github.com/markgoho/uni-theme v0.1.1-0.20260818032136-03403e81287a/go.mod h1:psd0u9+1dlujyiZ+He8gk8wkYMWni9ZFwgbDQb4fp/A=
github.com/markgoho/uni-theme v0.1.1-0.20260818034440-2015c373c2db h1:R7UCsPwjmtr5FW4pDjqSWSzqRIBzhSbK0wL1fA2abpM=
github.com/markgoho/uni-theme v0.1.1-0.20260818034440-2015c373c2db/go.mod h1:psd0u9+1dlujyiZ+He8gk8wkYMWni9ZFwgbDQb4fp/A=
github.com/markgoho/uni-theme v0.1.1-0.20260818125531-55f195e2c594 h1:vkNyGS5FhyUS63qajtTCLA0uPhaa3WUsIgCHlFN4eQc=
github.com/markgoho/uni-theme v0.1.1-0.20260818125531-55f195e2c594/go.mod h1:psd0u9+1dlujyiZ+He8gk8wkYMWni9ZFwgbDQb4fp/A=
github.com/markgoho/uni-theme v0.1.1-0.20260818230855-996acf339e97 h1:cllfMmmg1ZmpLIAvvcPA0xSCRullMuwhjR7Cn+c/uUc=
github.com/markgoho/uni-theme v0.1.1-0.20260818230855-996acf339e97/go.mod h1:psd0u9+1dlujyiZ+He8gk8wkYMWni9ZFwgbDQb4fp/A=
github.com/markgoho/uni-theme v0.1.1-0.20260821020320-ed4645a142f8 h1:5ojlKVn9EKzrtazpi0yAxUOQhNmrl7vL8EjUXPlxAh8=
github.com/markgoho/uni-theme v0.1.1-0.20260821020320-ed4645a142f8/go.mod h1:psd0u9+1dlujyiZ+He8gk8wkYMWni9ZFwgbDQb4fp/A=
github.com/markgoho/uni-theme v0.1.1-0.20260821020956-eeb88a0f3a90 h1:qHOyEla91OhFcqXrZa//iUAuoJsk5GYa5wK4zRiHAVc=
github.com/markgoho/uni-theme v0.1.1-0.20260821020956-eeb88a0f3a90/go.mod h1:psd0u9+1dlujyiZ+He8gk8wkYMWni9ZFwgbDQb4fp/A=
github.com/markgoho/uni-theme v0.1.1-0.20260821033201-e36a165527d7 h1:OboSf9Ki5AWbWkaJ34TBtAEBnmAC83oR3Fq7wUaoZaw=
github.com/markgoho/uni-theme v0.1.1-0.20260821033201-e36a165527d7/go.mod h1:psd0u9+1dlujyiZ+He8gk8wkYMWni9ZFwgbDQb4fp/A=
github.com/markgoho/uni-theme v0.1.1-0.20260821182257-f005e7a52e56 h1:bz1DT2SmyyMQcOe+NUAuzJpqSiRKS57pGgM76e1LNWE=
github.com/markgoho/uni-theme v0.1.1-0.20260821182257-f005e7a52e56/go.mod h1:psd0u9+1dlujyiZ+He8gk8wkYMWni9ZFwgbDQb4fp/A=
github.com/markgoho/uni-theme v0.1.1-0.20260821185631-271df6c070ca h1:sjEwp1lbl+nljmkg4FklG7Vu8Gr+m26WwV/Y9kLZGCo=
github.com/markgoho/uni-theme v0.1.1-0.20260821185631-271df6c070ca/go.mod h1:psd0u9+1dlujyiZ+He8gk8wkYMWni9ZFwgbDQb4fp/A=
github.com/markgoho/uni-theme v0.1.1-0.20260821191216-1bdf6636352b h1:/GZuTUi1MnW+oxPcxyjZnZoDs3FrJlGnxCdVVlQQsnE=
github.com/markgoho/uni-theme v0.1.1-0.20260821191216-1bdf6636352b/go.mod h1:psd0u9+1dlujyiZ+He8gk8wkYMWni9ZFwgbDQb4fp/A=
github.com/markgoho/uni-theme v0.1.1-0.20260822003657-5507c49c2767 h1:61ywdee+V31O9w8bYRxe8gQoKJFJWMoWsFVj1vJWmus=
github.com/markgoho/uni-theme v0.1.1-0.20260822003657-5507c49c2767/go.mod h1:psd0u9+1dlujyiZ+He8gk8wkYMWni9ZFwgbDQb4fp/A=
github.com/markgoho/uni-theme v0.1.1-0.20260822015713-1ea9a077d8f1 h1:+2FVgmejz10p5Gw7LLW2lhdYxle/+dPeAYNL+/R8sUM=
github.com/markgoho/uni-theme v0.1.1-0.20260822015713-1ea9a077d8f1/go.mod h1:psd0u9+1dlujyiZ+He8gk8wkYMWni9ZFwgbDQb4fp/A=
github.com/markgoho/uni-theme v0.1.1-0.20260822025232-4fa0ff954b5b h1:2TUI09sRriHKBmqGWl5z1XgjGadGEzBlqLU1GMIMUVs=
github.com/markgoho/uni-theme v0.1.1-0.20260822025232-4fa0ff954b5b/go.mod h1:psd0u9+1dlujyiZ+He8gk8wkYMWni9ZFwgbDQb4fp/A=
github.com/markgoho/uni-theme v0.1.1-0.20260822035324-272aa2e073b6 h1:qhqfEJul3I7uA1D0bQNlWi6E8lLpV65j4rVAyAsC7qY=
github.com/markgoho/uni-theme v0.1.1-0.20260822035324-272aa2e073b6/go.mod h1:psd0u9+1dlujyiZ+He8gk8wkYMWni9ZFwgbDQb4fp/A=
github.com/markgoho/uni-theme v0.1.1-0.20260822041029-d201822470c5 h1:X4udKJvIPLfdjCtDFu3CpREppXIK4yIM2ni0H03rvKA=
github.com/markgoho/uni-theme v0.1.1-0.20260822041029-d201822470c5/go.mod h1:psd0u9+1dlujyiZ+He8gk8wkYMWni9ZFwgbDQb4fp/A=
github.com/markgoho/uni-theme v0.1.1-0.20260822041710-e7e6be3b8155 h1:tUVuoyTO6YbzSs13R8YkkLuA1huQW3/pWK2Sv8AN9tE=
github.com/markgoho/uni-theme v0.1.1-0.20260822041710-e7e6be3b8155/go.mod h1:psd0u9+1dlujyiZ+He8gk8wkYMWni9ZFwgbDQb4fp/A=
github.com/markgoho/uni-theme v0.1.1-0.20260822141827-cf2b263532be h1:i2AXRKq92+XQhDmQTKT47f5iKLnixTSxUY0Vujx0jJg=
github.com/markgoho/uni-theme v0.1.1-0.20260822141827-cf2b263532be/go.mod h1:psd0u9+1dlujyiZ+He8gk8wkYMWni9ZFwgbDQb4fp/A=
github.com/markgoho/uni-theme v0.1.1-0.20260822152527-8a92ef7214e2 h1:jQgwwqYDXz6+CZmIuwlpIb31LuIXQomabtHEo8NbXvc=
github.com/markgoho/uni-theme v0.1.1-0.20260822152527-8a92ef7214e2/go.mod h1:psd0u9+1dlujyiZ+He8gk8wkYMWni9ZFwgbDQb4fp/A=
github.com/markgoho/uni-theme v0.1.1-0.20260822155459-2be218c3bb83 h1:chSYAGn5LlY+NOyvXNuR2sm0uRojL4ykElnx1nG3D74=
github.com/markgoho/uni-theme v0.1.1-0.20260822155459-2be218c3bb83/go.mod h1:psd0u9+1dlujyiZ+He8gk8wkYMWni9ZFwgbDQb4fp/A=
github.com/markgoho/uni-theme v0.1.1-0.20260822163954-d5bc627916ef h1:ONdGJANN7b0yo9fNCylcY2Lo6Cj+lE71I+MTLYSZ9aw=
github.com/markgoho/uni-theme v0.1.1-0.20260822163954-d5bc627916ef/go.mod h1:psd0u9+1dlujyiZ+He8gk8wkYMWni9ZFwgbDQb4fp/A=
github.com/markgoho/uni-theme v0.1.1-0.20260822180112-2a79ff980ba6 h1:DO3qDUA1MNNyoRdjsl/MX3tZNlwL8+ReAHm0SEO5Bcc=
github.com/markgoho/uni-theme v0.1.1-0.20260822180112-2a79ff980ba6/go.mod h1:psd0u9+1dlujyiZ+He8gk8wkYMWni9ZFwgbDQb4fp/A=
github.com/markgoho/uni-theme v0.1.1-0.20260822181330-e56b8833e4ae h1:l4SQaN0tfOOkQxN2/Tf4hCInBetoY5sfbsWEfSW/hh8=
github.com/markgoho/uni-theme v0.1.1-0.20260822181330-e56b8833e4ae/go.mod h1:psd0u9+1dlujyiZ+He8gk8wkYMWni9ZFwgbDQb4fp/A=
github.com/markgoho/uni-theme v0.1.1-0.20260822181529-bf178e318eac h1:Edpxuzj+C9zSAaX5Bw8+ePOmyd30bEM6s4dzTLt0LF4=
github.com/markgoho/uni-theme v0.1.1-0.20260822181529-bf178e318eac/go.mod h1:psd0u9+1dlujyiZ+He8gk8wkYMWni9ZFwgbDQb4fp/A=
github.com/markgoho/uni-theme v0.1.1-0.20260822182016-ae66d63606e6 h1:GpXu44MNCz1erXaBBOLHI/wOSvFdoOHePplaXDfViyg=
github.com/markgoho/uni-theme v0.1.1-0.20260822182016-ae66d63606e6/go.mod h1:psd0u9+1dlujyiZ+He8gk8wkYMWni9ZFwgbDQb4fp/A=
github.com/markgoho/uni-theme v0.1.1-0.20260822194623-a7af880002dd h1:P0E5x0XajVMUM3SBWCz/F9Y/MF35TVUj8tMuFEoXkzE=
github.com/markgoho/uni-theme v0.1.1-0.20260822194623-a7af880002dd/go.mod h1:psd0u9+1dlujyiZ+He8gk8wkYMWni9ZFwgbDQb4fp/A=
github.com/markgoho/uni-theme v0.1.1-0.20260822195756-f79db19eb143 h1:ujr7yp0oHX2q2Zpb1V71FyEGetSLFuay3oXrk/yoxW0=
github.com/markgoho/uni-theme v0.1.1-0.20260822195756-f79db19eb143/go.mod h1:psd0u9+1dlujyiZ+He8gk8wkYMWni9ZFwgbDQb4fp/A=
github.com/markgoho/uni-theme v0.1.1-0.20260822210216-0ff72e8f41ca h1:PGdQsWDVSNZongBUl1cphqxdYCrB4UWZ7OhGtGWyq7g=
github.com/markgoho/uni-theme v0.1.1-0.20260822210216-0ff72e8f41ca/go.mod h1:psd0u9+1dlujyiZ+He8gk8wkYMWni9ZFwgbDQb4fp/A=
github.com/markgoho/uni-theme v0.1.1-0.20260822221558-e57c05af71ec h1:PMjqmLP1R4NlS4d1Te9iSdMQzuCty7turP60q0P+wvw=
github.com/markgoho/uni-theme v0.1.1-0.20260822221558-e57c05af71ec/go.mod h1:psd0u9+1dlujyiZ+He8gk8wkYMWni9ZFwgbDQb4fp/A=
github.com/markgoho/uni-theme v0.1.1-0.20260822234820-f981f2611533 h1:+unrreHuUotE0+nffdWYUp5JjQuQCyQ7H+jZ2yROvVs=
github.com/markgoho/uni-theme v0.1.1-0.20260822234820-f981f2611533/go.mod h1:psd0u9+1dlujyiZ+He8gk8wkYMWni9ZFwgbDQb4fp/A=
github.com/markgoho/uni-theme v0.1.1-0.20260823034316-8948523c011b h1:T8cIYYRfmDWGJQiuAWXR2PYc4N1E2wDvQI/1uKIObKs=
github.com/markgoho/uni-theme v0.1.1-0.20260823034316-8948523c011b/go.mod h1:psd0u9+1dlujyiZ+He8gk8wkYMWni9ZFwgbDQb4fp/A=
github.com/markgoho/uni-theme v0.1.1-0.20260823132952-a65a0e439702 h1:QtYIgdtxeEl+n0UP3xM8eS3k2SzlGHz59rqVY/6wkW4=
github.com/markgoho/uni-theme v0.1.1-0.20260823132952-a65a0e439702/go.mod h1:psd0u9+1dlujyiZ+He8gk8wkYMWni9ZFwgbDQb4fp/A=
github.com/markgoho/uni-theme v0.1.1-0.20260823195900-7a5b1d02bc84 h1:HRced+KwWokUqUt3bo6mU3h5/+qR/ECPgSBb6XFIBKY=
github.com/markgoho/uni-theme v0.1.1-0.20260823195900-7a5b1d02bc84/go.mod h1:psd0u9+1dlujyiZ+He8gk8wkYMWni9ZFwgbDQb4fp/A=
github.com/markgoho/uni-theme v0.1.1-0.20260823213631-7d778d55e846 h1:jB0tAAkpqGa9iAS0uNtvbqGm/ryoFXPpb5Ec1U+svNY=
github.com/markgoho/uni-theme v0.1.1-0.20260823213631-7d778d55e846/go.mod h1:psd0u9+1dlujyiZ+He8gk8wkYMWni9ZFwgbDQb4fp/A=
github.com/markgoho/uni-theme v0.1.1-0.20260824135246-3b74e8d271dc h1:zAsBnAuM8SOkGfDruJw1GuD8PDAAs1mjhc/5gYHlETU=
github.com/markgoho/uni-theme v0.1.1-0.20260824135246-3b74e8d271dc/go.mod h1:psd0u9+1dlujyiZ+He8gk8wkYMWni9ZFwgbDQb4fp/A=
github.com/markgoho/uni-theme v0.1.1-0.20260829133814-be7c5f385fc3 h1:fcbOxxVPSbjmaKSctsP1TdjH0gz8GqtAyIKil9dYzCI=
github.com/markgoho/uni-theme v0.1.1-0.20260829133814-be7c5f385fc3/go.mod h1:psd0u9+1dlujyiZ+He8gk8wkYMWni9ZFwgbDQb4fp/A=
github.com/markgoho/uni-theme v0.1.1-0.20260829134040-fc8ba17d6014 h1:X30TPJkUqw3EeT7gK+4zpFF9DlSshlj2T8CwEJJjrdE=
github.com/markgoho/uni-theme v0.1.1-0.20260829134040-fc8ba17d6014/go.mod h1:psd0u9+1dlujyiZ+He8gk8wkYMWni9ZFwgbDQb4fp/A=
github.com/markgoho/uni-theme v0.1.1-0.20260829134640-922f3b7684dd h1:Z3EVeezCGv5ijZ7eIHFe24zpi06bcpKroq8mi5RoSBU=
github.com/markgoho/uni-theme v0.1.1-0.20260829134640-922f3b7684dd/go.mod h1:psd0u9+1dlujyiZ+He8gk8wkYMWni9ZFwgbDQb4fp/A=
github.com/markgoho/uni-theme v0.1.1-0.20260829141852-e4c54c1a561a h1:xEht/0n9XvXC4HSyDVWjfbqsa1JMptA5NTflCmgdwCU=
github.com/markgoho/uni-theme v0.1.1-0.20260829141852-e4c54c1a561a/go.mod h1:psd0u9+1dlujyiZ+He8gk8wkYMWni9ZFwgbDQb4fp/A=
github.com/markgoho/uni-theme v0.1.1-0.20260829142340-b1cf0a3df936 h1:v1+CVJa4VFcG3eMVf2CwSq/HQcbu1ceMcA0Z03liXIE=
github.com/markgoho/uni-theme v0.1.1-0.20260829142340-b1cf0a3df936/go.mod h1:psd0u9+1dlujyiZ+He8gk8wkYMWni9ZFwgbDQb4fp/A=
github.com/markgoho/uni-theme v0.1.1-0.20260829142804-9294173a2033 h1:bg8zlCdOIXn69CEv+6M9VxpCYNS1NWA8+Rsh6qcJkNA=
github.com/markgoho/uni-theme v0.1.1-0.20260829142804-9294173a2033/go.mod h1:psd0u9+1dlujyiZ+He8gk8wkYMWni9ZFwgbDQb4fp/A=
github.com/markgoho/uni-theme v0.1.1-0.20260829143017-9638ac755247 h1:K5ZC1+ELFmERyqEltOKZ0GxUe/i2m3atQmGx9XykHVw=
github.com/markgoho/uni-theme v0.1.1-0.20260829143017-9638ac755247/go.mod h1:psd0u9+1dlujyiZ+He8gk8wkYMWni9ZFwgbDQb4fp/A=
github.com/markgoho/uni-theme v0.1.1-0.20260829143114-e9396707d455 h1:vnvHQDL/PiLEyBXrJkf/N/GgpcuVumBvdTDcWSz1RU0=
github.com/markgoho/uni-theme v0.1.1-0.20260829143114-e9396707d455/go.mod h1:psd0u9+1dlujyiZ+He8gk8wkYMWni9ZFwgbDQb4fp/A=
github.com/markgoho/uni-theme v0.1.1-0.20260829154506-2213123373b6 h1:t0JQanW4UAcgvwBEjxYXAVTi/0Jk6ceLOyOI5IBup4Q=
github.com/markgoho/uni-theme v0.1.1-0.20260829154506-2213123373b6/go.mod h1:psd0u9+1dlujyiZ+He8gk8wkYMWni9ZFwgbDQb4fp/A=
github.com/markgoho/uni-theme v0.1.1-0.20260829181717-50a9e90cd7a1 h1:hSLFVT57cLUBAAlqbqBFIIKkFIyOevyiwAN170KrsH4=
github.com/markgoho/uni-theme v0.1.1-0.20260829181717-50a9e90cd7a1/go.mod h1:psd0u9+1dlujyiZ+He8gk8wkYMWni9ZFwgbDQb4fp/A=
